
Microsoft Visual Studio Solution File, Format Version 12.00
# Visual Studio Version 17
VisualStudioVersion = 17.3.32819.101
MinimumVisualStudioVersion = 10.0.40219.1
Project("{FAE04EC0-301F-11D3-BF4B-00C04F79EFBC}") = "TestTask", "TestTask\TestTask.csproj", "{A7872A5E-1529-4147-92AD-8F12495C05E2}"
EndProject
Global
	GlobalSection(SolutionConfigurationPlatforms) = preSolution
		Debug|Any CPU = Debug|Any CPU
		Release|Any CPU = Release|Any CPU
	EndGlobalSection
	GlobalSection(ProjectConfigurationPlatforms) = postSolution
		{A7872A5E-1529-4147-92AD-8F12495C05E2}.Debug|Any CPU.ActiveCfg = Debug|Any CPU
		{A7872A5E-1529-4147-92AD-8F12495C05E2}.Debug|Any CPU.Build.0 = Debug|Any CPU
		{A7872A5E-1529-4147-92AD-8F12495C05E2}.Release|Any CPU.ActiveCfg = Release|Any CPU
		{A7872A5E-1529-4147-92AD-8F12495C05E2}.Release|Any CPU.Build.0 = Release|Any CPU
	EndGlobalSection
	GlobalSection(SolutionProperties) = preSolution
		HideSolutionNode = FALSE
	EndGlobalSection
	GlobalSection(ExtensibilityGlobals) = postSolution
		SolutionGuid = {153BDF97-030C-4643-93BB-6D95B9D68224}
	EndGlobalSection
EndGlobal
